// !$*UTF8*$!
{
	archiveVersion = 1;
	classes = {
	};
	objectVersion = 50;
	objects = {

/* Begin PBXBuildFile section */
		FF2A3FD1254ED320007027ED /* AppDelegate.swift in Sources */ = {isa = PBXBuildFile; fileRef = FF2A3FD0254ED320007027ED /* AppDelegate.swift */; };
		FF2A3FD3254ED320007027ED /* SceneDelegate.swift in Sources */ = {isa = PBXBuildFile; fileRef = FF2A3FD2254ED320007027ED /* SceneDelegate.swift */; };
		FF2A3FD5254ED320007027ED /* ViewController.swift in Sources */ = {isa = PBXBuildFile; fileRef = FF2A3FD4254ED320007027ED /* ViewController.swift */; };
		FF2A3FD8254ED320007027ED /* Main.storyboard in Resources */ = {isa = PBXBuildFile; fileRef = FF2A3FD6254ED320007027ED /* Main.storyboard */; };
		FF2A3FDA254ED322007027ED /* Assets.xcassets in Resources */ = {isa = PBXBuildFile; fileRef = FF2A3FD9254ED322007027ED /* Assets.xcassets */; };
		FF2A3FDD254ED322007027ED /* LaunchScreen.storyboard in Resources */ = {isa = PBXBuildFile; fileRef = FF2A3FDB254ED322007027ED /* LaunchScreen.storyboard */; };
		FF2A3FEB254ED725007027ED /* script.js in Resources */ = {isa = PBXBuildFile; fileRef = FF2A3FE9254ED725007027ED /* script.js */; };
		FF2A3FEC254ED725007027ED /* style.css in Resources */ = {isa = PBXBuildFile; fileRef = FF2A3FEA254ED725007027ED /* style.css */; };
/* End PBXBuildFile section */

/* Begin PBXFileReference section */
		FF2A3FCD254ED320007027ED /* LearnWebKit.app */ = {isa = PBXFileReference; explicitFileType = wrapper.application; includeInIndex = 0; path = LearnWebKit.app; sourceTree = BUILT_PRODUCTS_DIR; };
		FF2A3FD0254ED320007027ED /* AppDelegate.swift */ = {isa = PBXFileReference; lastKnownFileType = sourcecode.swift; path = AppDelegate.swift; sourceTree = "<group>"; };
		FF2A3FD2254ED320007027ED /* SceneDelegate.swift */ = {isa = PBXFileReference; lastKnownFileType = sourcecode.swift; path = SceneDelegate.swift; sourceTree = "<group>"; };
		FF2A3FD4254ED320007027ED /* ViewController.swift */ = {isa = PBXFileReference; lastKnownFileType = sourcecode.swift; path = ViewController.swift; sourceTree = "<group>"; };
		FF2A3FD7254ED320007027ED /* Base */ = {isa = PBXFileReference; lastKnownFileType = file.storyboard; name = Base; path = Base.lproj/Main.storyboard; sourceTree = "<group>"; };
		FF2A3FD9254ED322007027ED /* Assets.xcassets */ = {isa = PBXFileReference; lastKnownFileType = folder.assetcatalog; path = Assets.xcassets; sourceTree = "<group>"; };
		FF2A3FDC254ED322007027ED /* Base */ = {isa = PBXFileReference; lastKnownFileType = file.storyboard; name = Base; path = Base.lproj/LaunchScreen.storyboard; sourceTree = "<group>"; };
		FF2A3FDE254ED322007027ED /* Info.plist */ = {isa = PBXFileReference; lastKnownFileType = text.plist.xml; path = Info.plist; sourceTree = "<group>"; };
		FF2A3FE9254ED725007027ED /* script.js */ = {isa = PBXFileReference; fileEncoding = 4; lastKnownFileType = sourcecode.javascript; path = script.js; sourceTree = "<group>"; };
		FF2A3FEA254ED725007027ED /* style.css */ = {isa = PBXFileReference; fileEncoding = 4; lastKnownFileType = text.css; path = style.css; sourceTree = "<group>"; };
/* End PBXFileReference section */

/* Begin PBXFrameworksBuildPhase section */
		FF2A3FCA254ED320007027ED /* Frameworks */ = {
			isa = PBXFrameworksBuildPhase;
			buildActionMask = 2147483647;
			files = (
			);
			runOnlyForDeploymentPostprocessing = 0;
		};
/* End PBXFrameworksBuildPhase section */

/* Begin PBXGroup section */
		FF2A3FC4254ED320007027ED = {
			isa = PBXGroup;
			children = (
				FF2A3FCF254ED320007027ED /* Webkit */,
				FF2A3FCE254ED320007027ED /* Products */,
			);
			sourceTree = "<group>";
		};
		FF2A3FCE254ED320007027ED /* Products */ = {
			isa = PBXGroup;
			children = (
				FF2A3FCD254ED320007027ED /* LearnWebKit.app */,
			);
			name = Products;
			sourceTree = "<group>";
		};
		FF2A3FCF254ED320007027ED /* Webkit */ = {
			isa = PBXGroup;
			children = (
				FF2A3FD0254ED320007027ED /* AppDelegate.swift */,
				FF2A3FD2254ED320007027ED /* SceneDelegate.swift */,
				FF2A3FD4254ED320007027ED /* ViewController.swift */,
				FF2A3FE9254ED725007027ED /* script.js */,
				FF2A3FEA254ED725007027ED /* style.css */,
				FF2A3FD6254ED320007027ED /* Main.storyboard */,
				FF2A3FD9254ED322007027ED /* Assets.xcassets */,
				FF2A3FDB254ED322007027ED /* LaunchScreen.storyboard */,
				FF2A3FDE254ED322007027ED /* Info.plist */,
			);
			path = Webkit;
			sourceTree = "<group>";
		};
/* End PBXGroup section */

/* Begin PBXNativeTarget section */
		FF2A3FCC254ED320007027ED /* LearnWebKit */ = {
			isa = PBXNativeTarget;
			buildConfigurationList = FF2A3FE1254ED322007027ED /* Build configuration list for PBXNativeTarget "LearnWebKit" */;
			buildPhases = (
				FF2A3FC9254ED320007027ED /* Sources */,
				FF2A3FCA254ED320007027ED /* Frameworks */,
				FF2A3FCB254ED320007027ED /* Resources */,
			);
			buildRules = (
			);
			dependencies = (
			);
			name = LearnWebKit;
			productName = Webkit;
			productReference = FF2A3FCD254ED320007027ED /* LearnWebKit.app */;
			productType = "com.apple.product-type.application";
		};
/* End PBXNativeTarget section */

/* Begin PBXProject section */
		FF2A3FC5254ED320007027ED /* Project object */ = {
			isa = PBXProject;
			attributes = {
				LastSwiftUpdateCheck = 1210;
				LastUpgradeCheck = 1210;
				TargetAttributes = {
					FF2A3FCC254ED320007027ED = {
						CreatedOnToolsVersion = 12.1;
					};
				};
			};
			buildConfigurationList = FF2A3FC8254ED320007027ED /* Build configuration list for PBXProject "LearnWebKit" */;
			compatibilityVersion = "Xcode 9.3";
			developmentRegion = en;
			hasScannedForEncodings = 0;
			knownRegions = (
				en,
				Base,
			);
			mainGroup = FF2A3FC4254ED320007027ED;
			productRefGroup = FF2A3FCE254ED320007027ED /* Products */;
			projectDirPath = "";
			projectRoot = "";
			targets = (
				FF2A3FCC254ED320007027ED /* LearnWebKit */,
			);
		};
/* End PBXProject section */

/* Begin PBXResourcesBuildPhase section */
		FF2A3FCB254ED320007027ED /* Resources */ = {
			isa = PBXResourcesBuildPhase;
			buildActionMask = 2147483647;
			files = (
				FF2A3FDD254ED322007027ED /* LaunchScreen.storyboard in Resources */,
				FF2A3FEB254ED725007027ED /* script.js in Resources */,
				FF2A3FEC254ED725007027ED /* style.css in Resources */,
				FF2A3FDA254ED322007027ED /* Assets.xcassets in Resources */,
				FF2A3FD8254ED320007027ED /* Main.storyboard in Resources */,
			);
			runOnlyForDeploymentPostprocessing = 0;
		};
/* End PBXResourcesBuildPhase section */

/* Begin PBXSourcesBuildPhase section */
		FF2A3FC9254ED320007027ED /* Sources */ = {
			isa = PBXSourcesBuildPhase;
			buildActionMask = 2147483647;
			files = (
				FF2A3FD5254ED320007027ED /* ViewController.swift in Sources */,
				FF2A3FD1254ED320007027ED /* AppDelegate.swift in Sources */,
				FF2A3FD3254ED320007027ED /* SceneDelegate.swift in Sources */,
			);
			runOnlyForDeploymentPostprocessing = 0;
		};
/* End PBXSourcesBuildPhase section */

/* Begin PBXVariantGroup section */
		FF2A3FD6254ED320007027ED /* Main.storyboard */ = {
			isa = PBXVariantGroup;
			children = (
				FF2A3FD7254ED320007027ED /* Base */,
			);
			name = Main.storyboard;
			sourceTree = "<group>";
		};
		FF2A3FDB254ED322007027ED /* LaunchScreen.storyboard */ = {
			isa = PBXVariantGroup;
			children = (
				FF2A3FDC254ED322007027ED /* Base */,
			);
			name = LaunchScreen.storyboard;
			sourceTree = "<group>";
		};
/* End PBXVariantGroup section */

/* Begin XCBuildConfiguration section */
		FF2A3FDF254ED322007027ED /* Debug */ = {
			isa = XCBuildConfiguration;
			buildSettings = {
				ALWAYS_SEARCH_USER_PATHS = NO;
				CLANG_ANALYZER_NONNULL = YES;
				CLANG_ANALYZER_NUMBER_OBJECT_CONVERSION = YES_AGGRESSIVE;
				CLANG_CXX_LANGUAGE_STANDARD = "gnu++14";
				CLANG_CXX_LIBRARY = "libc++";
				CLANG_ENABLE_MODULES = YES;
				CLANG_ENABLE_OBJC_ARC = YES;
				CLANG_ENABLE_OBJC_WEAK = YES;
				CLANG_WARN_BLOCK_CAPTURE_AUTORELEASING = YES;
				CLANG_WARN_BOOL_CONVERSION = YES;
				CLANG_WARN_COMMA = YES;
				CLANG_WARN_CONSTANT_CONVERSION = YES;
				CLANG_WARN_DEPRECATED_OBJC_IMPLEMENTATIONS = YES;
				CLANG_WARN_DIRECT_OBJC_ISA_USAGE = YES_ERROR;
				CLANG_WARN_DOCUMENTATION_COMMENTS = YES;
				CLANG_WARN_EMPTY_BODY = YES;
				CLANG_WARN_ENUM_CONVERSION = YES;
				CLANG_WARN_INFINITE_RECURSION = YES;
				CLANG_WARN_INT_CONVERSION = YES;
				CLANG_WARN_NON_LITERAL_NULL_CONVERSION = YES;
				CLANG_WARN_OBJC_IMPLICIT_RETAIN_SELF = YES;
				CLANG_WARN_OBJC_LITERAL_CONVERSION = YES;
				CLANG_WARN_OBJC_ROOT_CLASS = YES_ERROR;
				CLANG_WARN_QUOTED_INCLUDE_IN_FRAMEWORK_HEADER = YES;
				CLANG_WARN_RANGE_LOOP_ANALYSIS = YES;
				CLANG_WARN_STRICT_PROTOTYPES = YES;
				CLANG_WARN_SUSPICIOUS_MOVE = YES;
				CLANG_WARN_UNGUARDED_AVAILABILITY = YES_AGGRESSIVE;
				CLANG_WARN_UNREACHABLE_CODE = YES;
				CLANG_WARN__DUPLICATE_METHOD_MATCH = YES;
				COPY_PHASE_STRIP = NO;
				DEBUG_INFORMATION_FORMAT = dwarf;
				ENABLE_STRICT_OBJC_MSGSEND = YES;
				ENABLE_TESTABILITY = YES;
				GCC_C_LANGUAGE_STANDARD = gnu11;
				GCC_DYNAMIC_NO_PIC = NO;
				GCC_NO_COMMON_BLOCKS = YES;
				GCC_OPTIMIZATION_LEVEL = 0;
				GCC_PREPROCESSOR_DEFINITIONS = (
					"DEBUG=1",
					"$(inherited)",
				);
				GCC_WARN_64_TO_32_BIT_CONVERSION = YES;
				GCC_WARN_ABOUT_RETURN_TYPE = YES_ERROR;
				GCC_WARN_UNDECLARED_SELECTOR = YES;
				GCC_WARN_UNINITIALIZED_AUTOS = YES_AGGRESSIVE;
				GCC_WARN_UNUSED_FUNCTION = YES;
				GCC_WARN_UNUSED_VARIABLE = YES;
				IPHONEOS_DEPLOYMENT_TARGET = 14.1;
				MTL_ENABLE_DEBUG_INFO = INCLUDE_SOURCE;
				MTL_FAST_MATH = YES;
				ONLY_ACTIVE_ARCH = YES;
				SDKROOT = iphoneos;
				SWIFT_ACTIVE_COMPILATION_CONDITIONS = DEBUG;
				SWIFT_OPTIMIZATION_LEVEL = "-Onone";
			};
			name = Debug;
		};
		FF2A3FE0254ED322007027ED /* Release */ = {
			isa = XCBuildConfiguration;
			buildSettings = {
				ALWAYS_SEARCH_USER_PATHS = NO;
				CLANG_ANALYZER_NONNULL = YES;
				CLANG_ANALYZER_NUMBER_OBJECT_CONVERSION = YES_AGGRESSIVE;
				CLANG_CXX_LANGUAGE_STANDARD = "gnu++14";
				CLANG_CXX_LIBRARY = "libc++";
				CLANG_ENABLE_MODULES = YES;
				CLANG_ENABLE_OBJC_ARC = YES;
				CLANG_ENABLE_OBJC_WEAK = YES;
				CLANG_WARN_BLOCK_CAPTURE_AUTORELEASING = YES;
				CLANG_WARN_BOOL_CONVERSION = YES;
				CLANG_WARN_COMMA = YES;
				CLANG_WARN_CONSTANT_CONVERSION = YES;
				CLANG_WARN_DEPRECATED_OBJC_IMPLEMENTATIONS = YES;
				CLANG_WARN_DIRECT_OBJC_ISA_USAGE = YES_ERROR;
				CLANG_WARN_DOCUMENTATION_COMMENTS = YES;
				CLANG_WARN_EMPTY_BODY = YES;
				CLANG_WARN_ENUM_CONVERSION = YES;
				CLANG_WARN_INFINITE_RECURSION = YES;
				CLANG_WARN_INT_CONVERSION = YES;
				CLANG_WARN_NON_LITERAL_NULL_CONVERSION = YES;
				CLANG_WARN_OBJC_IMPLICIT_RETAIN_SELF = YES;
				CLANG_WARN_OBJC_LITERAL_CONVERSION = YES;
				CLANG_WARN_OBJC_ROOT_CLASS = YES_ERROR;
				CLANG_WARN_QUOTED_INCLUDE_IN_FRAMEWORK_HEADER = YES;
				CLANG_WARN_RANGE_LOOP_ANALYSIS = YES;
				CLANG_WARN_STRICT_PROTOTYPES = YES;
				CLANG_WARN_SUSPICIOUS_MOVE = YES;
				CLANG_WARN_UNGUARDED_AVAILABILITY = YES_AGGRESSIVE;
				CLANG_WARN_UNREACHABLE_CODE = YES;
				CLANG_WARN__DUPLICATE_METHOD_MATCH = YES;
				COPY_PHASE_STRIP = NO;
				DEBUG_INFORMATION_FORMAT = "dwarf-with-dsym";
				ENABLE_NS_ASSERTIONS = NO;
				ENABLE_STRICT_OBJC_MSGSEND = YES;
				GCC_C_LANGUAGE_STANDARD = gnu11;
				GCC_NO_COMMON_BLOCKS = YES;
				GCC_WARN_64_TO_32_BIT_CONVERSION = YES;
				GCC_WARN_ABOUT_RETURN_TYPE = YES_ERROR;
				GCC_WARN_UNDECLARED_SELECTOR = YES;
				GCC_WARN_UNINITIALIZED_AUTOS = YES_AGGRESSIVE;
				GCC_WARN_UNUSED_FUNCTION = YES;
				GCC_WARN_UNUSED_VARIABLE = YES;
				IPHONEOS_DEPLOYMENT_TARGET = 14.1;
				MTL_ENABLE_DEBUG_INFO = NO;
				MTL_FAST_MATH = YES;
				SDKROOT = iphoneos;
				SWIFT_COMPILATION_MODE = wholemodule;
				SWIFT_OPTIMIZATION_LEVEL = "-O";
				VALIDATE_PRODUCT = YES;
			};
			name = Release;
		};
		FF2A3FE2254ED322007027ED /* Debug */ = {
			isa = XCBuildConfiguration;
			buildSettings = {
				ASSETCATALOG_COMPILER_APPICON_NAME = AppIcon;
				ASSETCATALOG_COMPILER_GLOBAL_ACCENT_COLOR_NAME = AccentColor;
				CODE_SIGN_STYLE = Automatic;
				DEVELOPMENT_TEAM = 4WMQY24R33;
				INFOPLIST_FILE = Webkit/Info.plist;
				LD_RUNPATH_SEARCH_PATHS = (
					"$(inherited)",
					"@executable_path/Frameworks",
				);
				PRODUCT_BUNDLE_IDENTIFIER = com.pushpinderpalsingh.Webkit;
				PRODUCT_NAME = "$(TARGET_NAME)";
				SWIFT_VERSION = 5.0;
				TARGETED_DEVICE_FAMILY = "1,2";
			};
			name = Debug;
		};
		FF2A3FE3254ED322007027ED /* Release */ = {
			isa = XCBuildConfiguration;
			buildSettings = {
				ASSETCATALOG_COMPILER_APPICON_NAME = AppIcon;
				ASSETCATALOG_COMPILER_GLOBAL_ACCENT_COLOR_NAME = AccentColor;
				CODE_SIGN_STYLE = Automatic;
				DEVELOPMENT_TEAM = 4WMQY24R33;
				INFOPLIST_FILE = Webkit/Info.plist;
				LD_RUNPATH_SEARCH_PATHS = (
					"$(inherited)",
					"@executable_path/Frameworks",
				);
				PRODUCT_BUNDLE_IDENTIFIER = com.pushpinderpalsingh.Webkit;
				PRODUCT_NAME = "$(TARGET_NAME)";
				SWIFT_VERSION = 5.0;
				TARGETED_DEVICE_FAMILY = "1,2";
			};
			name = Release;
		};
/* End XCBuildConfiguration section */

/* Begin XCConfigurationList section */
		FF2A3FC8254ED320007027ED /* Build configuration list for PBXProject "LearnWebKit" */ = {
			isa = XCConfigurationList;
			buildConfigurations = (
				FF2A3FDF254ED322007027ED /* Debug */,
				FF2A3FE0254ED322007027ED /* Release */,
			);
			defaultConfigurationIsVisible = 0;
			defaultConfigurationName = Release;
		};
		FF2A3FE1254ED322007027ED /* Build configuration list for PBXNativeTarget "LearnWebKit" */ = {
			isa = XCConfigurationList;
			buildConfigurations = (
				FF2A3FE2254ED322007027ED /* Debug */,
				FF2A3FE3254ED322007027ED /* Release */,
			);
			defaultConfigurationIsVisible = 0;
			defaultConfigurationName = Release;
		};
/* End XCConfigurationList section */
	};
	rootObject = FF2A3FC5254ED320007027ED /* Project object */;
}
